
Microsoft Visual Studio Solution File, Format Version 12.00
# Visual Studio Version 16
VisualStudioVersion = 16.0.31229.75
MinimumVisualStudioVersion = 10.0.40219.1
Project("{FAE04EC0-301F-11D3-BF4B-00C04F79EFBC}") = "minbumm.Advs.Win.WinApp", "minbumm.Advs.Win.WinApp\minbumm.Advs.Win.WinApp.csproj", "{4DDB7035-E023-497D-9C6D-2CD790F2E944}"
EndProject
Project("{FAE04EC0-301F-11D3-BF4B-00C04F79EFBC}") = "minbumm.Advs.Win.Common", "minbumm.Advs.Win.Common\minbumm.Advs.Win.Common.csproj", "{BA0715AF-3FA5-4D68-962B-359F71DF4F72}"
EndProject
Project("{FAE04EC0-301F-11D3-BF4B-00C04F79EFBC}") = "minbumm.Advs.Win.FrameWorks", "minbumm.Advs.Win.FrameWorks\minbumm.Advs.Win.FrameWorks.csproj", "{325009CB-665B-4409-A0A3-EF0E9E724027}"
EndProject
Project("{FAE04EC0-301F-11D3-BF4B-00C04F79EFBC}") = "minbumm.Advs.DataModel", "minbumm.Advs.DataModel\minbumm.Advs.DataModel.csproj", "{1CDA3E83-CAB9-49B0-864F-21AB61B51702}"
EndProject
Project("{FAE04EC0-301F-11D3-BF4B-00C04F79EFBC}") = "minbumm.Advs.Win.Facade", "minbumm.Advs.Win.Facade\minbumm.Advs.Win.Facade.csproj", "{B896DB50-C28A-4EA3-8700-DC05582410E8}"
EndProject
Global
	GlobalSection(SolutionConfigurationPlatforms) = preSolution
		Debug|Any CPU = Debug|Any CPU
		Release|Any CPU = Release|Any CPU
	EndGlobalSection
	GlobalSection(ProjectConfigurationPlatforms) = postSolution
		{4DDB7035-E023-497D-9C6D-2CD790F2E944}.Debug|Any CPU.ActiveCfg = Debug|Any CPU
		{4DDB7035-E023-497D-9C6D-2CD790F2E944}.Debug|Any CPU.Build.0 = Debug|Any CPU
		{4DDB7035-E023-497D-9C6D-2CD790F2E944}.Release|Any CPU.ActiveCfg = Release|Any CPU
		{4DDB7035-E023-497D-9C6D-2CD790F2E944}.Release|Any CPU.Build.0 = Release|Any CPU
		{BA0715AF-3FA5-4D68-962B-359F71DF4F72}.Debug|Any CPU.ActiveCfg = Debug|Any CPU
		{BA0715AF-3FA5-4D68-962B-359F71DF4F72}.Debug|Any CPU.Build.0 = Debug|Any CPU
		{BA0715AF-3FA5-4D68-962B-359F71DF4F72}.Release|Any CPU.ActiveCfg = Release|Any CPU
		{BA0715AF-3FA5-4D68-962B-359F71DF4F72}.Release|Any CPU.Build.0 = Release|Any CPU
		{325009CB-665B-4409-A0A3-EF0E9E724027}.Debug|Any CPU.ActiveCfg = Debug|Any CPU
		{325009CB-665B-4409-A0A3-EF0E9E724027}.Debug|Any CPU.Build.0 = Debug|Any CPU
		{325009CB-665B-4409-A0A3-EF0E9E724027}.Release|Any CPU.ActiveCfg = Release|Any CPU
		{325009CB-665B-4409-A0A3-EF0E9E724027}.Release|Any CPU.Build.0 = Release|Any CPU
		{1CDA3E83-CAB9-49B0-864F-21AB61B51702}.Debug|Any CPU.ActiveCfg = Debug|Any CPU
		{1CDA3E83-CAB9-49B0-864F-21AB61B51702}.Debug|Any CPU.Build.0 = Debug|Any CPU
		{1CDA3E83-CAB9-49B0-864F-21AB61B51702}.Release|Any CPU.ActiveCfg = Release|Any CPU
		{1CDA3E83-CAB9-49B0-864F-21AB61B51702}.Release|Any CPU.Build.0 = Release|Any CPU
		{B896DB50-C28A-4EA3-8700-DC05582410E8}.Debug|Any CPU.ActiveCfg = Debug|Any CPU
		{B896DB50-C28A-4EA3-8700-DC05582410E8}.Debug|Any CPU.Build.0 = Debug|Any CPU
		{B896DB50-C28A-4EA3-8700-DC05582410E8}.Release|Any CPU.ActiveCfg = Release|Any CPU
		{B896DB50-C28A-4EA3-8700-DC05582410E8}.Release|Any CPU.Build.0 = Release|Any CPU
	EndGlobalSection
	GlobalSection(SolutionProperties) = preSolution
		HideSolutionNode = FALSE
	EndGlobalSection
	GlobalSection(ExtensibilityGlobals) = postSolution
		SolutionGuid = {53D2F3D5-66E9-4690-A18A-22A338188FF5}
	EndGlobalSection
EndGlobal
